// !$*UTF8*$!
{
	archiveVersion = 1;
	classes = {
	};
	objectVersion = 46;
	objects = {

/* Begin PBXBuildFile section */
		C60F8EBF1A94A23400AFFEDB /* AppDelegate.swift in Sources */ = {isa = PBXBuildFile; fileRef = C60F8EBE1A94A23400AFFEDB /* AppDelegate.swift */; };
		C60F8EC11A94A23400AFFEDB /* ViewController.swift in Sources */ = {isa = PBXBuildFile; fileRef = C60F8EC01A94A23400AFFEDB /* ViewController.swift */; };
		C60F8EC41A94A23400AFFEDB /* Main.storyboard in Resources */ = {isa = PBXBuildFile; fileRef = C60F8EC21A94A23400AFFEDB /* Main.storyboard */; };
		C60F8EC61A94A23400AFFEDB /* Images.xcassets in Resources */ = {isa = PBXBuildFile; fileRef = C60F8EC51A94A23400AFFEDB /* Images.xcassets */; };
		C60F8EC91A94A23400AFFEDB /* LaunchScreen.xib in Resources */ = {isa = PBXBuildFile; fileRef = C60F8EC71A94A23400AFFEDB /* LaunchScreen.xib */; };
		C60F8ED51A94A23500AFFEDB /* _3___PersistenceTests.swift in Sources */ = {isa = PBXBuildFile; fileRef = C60F8ED41A94A23500AFFEDB /* _3___PersistenceTests.swift */; };
/* End PBXBuildFile section */

/* Begin PBXContainerItemProxy section */
		C60F8ECF1A94A23500AFFEDB /* PBXContainerItemProxy */ = {
			isa = PBXContainerItemProxy;
			containerPortal = C60F8EB11A94A23400AFFEDB /* Project object */;
			proxyType = 1;
			remoteGlobalIDString = C60F8EB81A94A23400AFFEDB;
			remoteInfo = "13 - Persistence";
		};
/* End PBXContainerItemProxy section */

/* Begin PBXFileReference section */
		C60F8EB91A94A23400AFFEDB /* 13 - Persistence.app */ = {isa = PBXFileReference; explicitFileType = wrapper.application; includeInIndex = 0; path = "13 - Persistence.app"; sourceTree = BUILT_PRODUCTS_DIR; };
		C60F8EBD1A94A23400AFFEDB /* Info.plist */ = {isa = PBXFileReference; lastKnownFileType = text.plist.xml; path = Info.plist; sourceTree = "<group>"; };
		C60F8EBE1A94A23400AFFEDB /* AppDelegate.swift */ = {isa = PBXFileReference; lastKnownFileType = sourcecode.swift; path = AppDelegate.swift; sourceTree = "<group>"; };
		C60F8EC01A94A23400AFFEDB /* ViewController.swift */ = {isa = PBXFileReference; lastKnownFileType = sourcecode.swift; path = ViewController.swift; sourceTree = "<group>"; };
		C60F8EC31A94A23400AFFEDB /* Base */ = {isa = PBXFileReference; lastKnownFileType = file.storyboard; name = Base; path = Base.lproj/Main.storyboard; sourceTree = "<group>"; };
		C60F8EC51A94A23400AFFEDB /* Images.xcassets */ = {isa = PBXFileReference; lastKnownFileType = folder.assetcatalog; path = Images.xcassets; sourceTree = "<group>"; };
		C60F8EC81A94A23400AFFEDB /* Base */ = {isa = PBXFileReference; lastKnownFileType = file.xib; name = Base; path = Base.lproj/LaunchScreen.xib; sourceTree = "<group>"; };
		C60F8ECE1A94A23500AFFEDB /* 13 - PersistenceTests.xctest */ = {isa = PBXFileReference; explicitFileType = wrapper.cfbundle; includeInIndex = 0; path = "13 - PersistenceTests.xctest"; sourceTree = BUILT_PRODUCTS_DIR; };
		C60F8ED31A94A23500AFFEDB /* Info.plist */ = {isa = PBXFileReference; lastKnownFileType = text.plist.xml; path = Info.plist; sourceTree = "<group>"; };
		C60F8ED41A94A23500AFFEDB /* _3___PersistenceTests.swift */ = {isa = PBXFileReference; lastKnownFileType = sourcecode.swift; path = "_3___PersistenceTests.swift"; sourceTree = "<group>"; };
/* End PBXFileReference section */

/* Begin PBXFrameworksBuildPhase section */
		C60F8EB61A94A23400AFFEDB /* Frameworks */ = {
			isa = PBXFrameworksBuildPhase;
			buildActionMask = 2147483647;
			files = (
			);
			runOnlyForDeploymentPostprocessing = 0;
		};
		C60F8ECB1A94A23500AFFEDB /* Frameworks */ = {
			isa = PBXFrameworksBuildPhase;
			buildActionMask = 2147483647;
			files = (
			);
			runOnlyForDeploymentPostprocessing = 0;
		};
/* End PBXFrameworksBuildPhase section */

/* Begin PBXGroup section */
		C60F8EB01A94A23400AFFEDB = {
			isa = PBXGroup;
			children = (
				C60F8EBB1A94A23400AFFEDB /* 13 - Persistence */,
				C60F8ED11A94A23500AFFEDB /* 13 - PersistenceTests */,
				C60F8EBA1A94A23400AFFEDB /* Products */,
			);
			sourceTree = "<group>";
		};
		C60F8EBA1A94A23400AFFEDB /* Products */ = {
			isa = PBXGroup;
			children = (
				C60F8EB91A94A23400AFFEDB /* 13 - Persistence.app */,
				C60F8ECE1A94A23500AFFEDB /* 13 - PersistenceTests.xctest */,
			);
			name = Products;
			sourceTree = "<group>";
		};
		C60F8EBB1A94A23400AFFEDB /* 13 - Persistence */ = {
			isa = PBXGroup;
			children = (
				C60F8EBE1A94A23400AFFEDB /* AppDelegate.swift */,
				C60F8EC01A94A23400AFFEDB /* ViewController.swift */,
				C60F8EC21A94A23400AFFEDB /* Main.storyboard */,
				C60F8EC51A94A23400AFFEDB /* Images.xcassets */,
				C60F8EC71A94A23400AFFEDB /* LaunchScreen.xib */,
				C60F8EBC1A94A23400AFFEDB /* Supporting Files */,
			);
			path = "13 - Persistence";
			sourceTree = "<group>";
		};
		C60F8EBC1A94A23400AFFEDB /* Supporting Files */ = {
			isa = PBXGroup;
			children = (
				C60F8EBD1A94A23400AFFEDB /* Info.plist */,
			);
			name = "Supporting Files";
			sourceTree = "<group>";
		};
		C60F8ED11A94A23500AFFEDB /* 13 - PersistenceTests */ = {
			isa = PBXGroup;
			children = (
				C60F8ED41A94A23500AFFEDB /* _3___PersistenceTests.swift */,
				C60F8ED21A94A23500AFFEDB /* Supporting Files */,
			);
			path = "13 - PersistenceTests";
			sourceTree = "<group>";
		};
		C60F8ED21A94A23500AFFEDB /* Supporting Files */ = {
			isa = PBXGroup;
			children = (
				C60F8ED31A94A23500AFFEDB /* Info.plist */,
			);
			name = "Supporting Files";
			sourceTree = "<group>";
		};
/* End PBXGroup section */

/* Begin PBXNativeTarget section */
		C60F8EB81A94A23400AFFEDB /* 13 - Persistence */ = {
			isa = PBXNativeTarget;
			buildConfigurationList = C60F8ED81A94A23500AFFEDB /* Build configuration list for PBXNativeTarget "13 - Persistence" */;
			buildPhases = (
				C60F8EB51A94A23400AFFEDB /* Sources */,
				C60F8EB61A94A23400AFFEDB /* Frameworks */,
				C60F8EB71A94A23400AFFEDB /* Resources */,
			);
			buildRules = (
			);
			dependencies = (
			);
			name = "13 - Persistence";
			productName = "13 - Persistence";
			productReference = C60F8EB91A94A23400AFFEDB /* 13 - Persistence.app */;
			productType = "com.apple.product-type.application";
		};
		C60F8ECD1A94A23500AFFEDB /* 13 - PersistenceTests */ = {
			isa = PBXNativeTarget;
			buildConfigurationList = C60F8EDB1A94A23500AFFEDB /* Build configuration list for PBXNativeTarget "13 - PersistenceTests" */;
			buildPhases = (
				C60F8ECA1A94A23500AFFEDB /* Sources */,
				C60F8ECB1A94A23500AFFEDB /* Frameworks */,
				C60F8ECC1A94A23500AFFEDB /* Resources */,
			);
			buildRules = (
			);
			dependencies = (
				C60F8ED01A94A23500AFFEDB /* PBXTargetDependency */,
			);
			name = "13 - PersistenceTests";
			productName = "13 - PersistenceTests";
			productReference = C60F8ECE1A94A23500AFFEDB /* 13 - PersistenceTests.xctest */;
			productType = "com.apple.product-type.bundle.unit-test";
		};
/* End PBXNativeTarget section */

/* Begin PBXProject section */
		C60F8EB11A94A23400AFFEDB /* Project object */ = {
			isa = PBXProject;
			attributes = {
				LastUpgradeCheck = 0610;
				ORGANIZATIONNAME = "Alex Coady";
				TargetAttributes = {
					C60F8EB81A94A23400AFFEDB = {
						CreatedOnToolsVersion = 6.1.1;
					};
					C60F8ECD1A94A23500AFFEDB = {
						CreatedOnToolsVersion = 6.1.1;
						TestTargetID = C60F8EB81A94A23400AFFEDB;
					};
				};
			};
			buildConfigurationList = C60F8EB41A94A23400AFFEDB /* Build configuration list for PBXProject "13 - Persistence" */;
			compatibilityVersion = "Xcode 3.2";
			developmentRegion = English;
			hasScannedForEncodings = 0;
			knownRegions = (
				en,
				Base,
			);
			mainGroup = C60F8EB01A94A23400AFFEDB;
			productRefGroup = C60F8EBA1A94A23400AFFEDB /* Products */;
			projectDirPath = "";
			projectRoot = "";
			targets = (
				C60F8EB81A94A23400AFFEDB /* 13 - Persistence */,
				C60F8ECD1A94A23500AFFEDB /* 13 - PersistenceTests */,
			);
		};
/* End PBXProject section */

/* Begin PBXResourcesBuildPhase section */
		C60F8EB71A94A23400AFFEDB /* Resources */ = {
			isa = PBXResourcesBuildPhase;
			buildActionMask = 2147483647;
			files = (
				C60F8EC41A94A23400AFFEDB /* Main.storyboard in Resources */,
				C60F8EC91A94A23400AFFEDB /* LaunchScreen.xib in Resources */,
				C60F8EC61A94A23400AFFEDB /* Images.xcassets in Resources */,
			);
			runOnlyForDeploymentPostprocessing = 0;
		};
		C60F8ECC1A94A23500AFFEDB /* Resources */ = {
			isa = PBXResourcesBuildPhase;
			buildActionMask = 2147483647;
			files = (
			);
			runOnlyForDeploymentPostprocessing = 0;
		};
/* End PBXResourcesBuildPhase section */

/* Begin PBXSourcesBuildPhase section */
		C60F8EB51A94A23400AFFEDB /* Sources */ = {
			isa = PBXSourcesBuildPhase;
			buildActionMask = 2147483647;
			files = (
				C60F8EC11A94A23400AFFEDB /* ViewController.swift in Sources */,
				C60F8EBF1A94A23400AFFEDB /* AppDelegate.swift in Sources */,
			);
			runOnlyForDeploymentPostprocessing = 0;
		};
		C60F8ECA1A94A23500AFFEDB /* Sources */ = {
			isa = PBXSourcesBuildPhase;
			buildActionMask = 2147483647;
			files = (
				C60F8ED51A94A23500AFFEDB /* _3___PersistenceTests.swift in Sources */,
			);
			runOnlyForDeploymentPostprocessing = 0;
		};
/* End PBXSourcesBuildPhase section */

/* Begin PBXTargetDependency section */
		C60F8ED01A94A23500AFFEDB /* PBXTargetDependency */ = {
			isa = PBXTargetDependency;
			target = C60F8EB81A94A23400AFFEDB /* 13 - Persistence */;
			targetProxy = C60F8ECF1A94A23500AFFEDB /* PBXContainerItemProxy */;
		};
/* End PBXTargetDependency section */

/* Begin PBXVariantGroup section */
		C60F8EC21A94A23400AFFEDB /* Main.storyboard */ = {
			isa = PBXVariantGroup;
			children = (
				C60F8EC31A94A23400AFFEDB /* Base */,
			);
			name = Main.storyboard;
			sourceTree = "<group>";
		};
		C60F8EC71A94A23400AFFEDB /* LaunchScreen.xib */ = {
			isa = PBXVariantGroup;
			children = (
				C60F8EC81A94A23400AFFEDB /* Base */,
			);
			name = LaunchScreen.xib;
			sourceTree = "<group>";
		};
/* End PBXVariantGroup section */

/* Begin XCBuildConfiguration section */
		C60F8ED61A94A23500AFFEDB /* Debug */ = {
			isa = XCBuildConfiguration;
			buildSettings = {
				ALWAYS_SEARCH_USER_PATHS = NO;
				CLANG_CXX_LANGUAGE_STANDARD = "gnu++0x";
				CLANG_CXX_LIBRARY = "libc++";
				CLANG_ENABLE_MODULES = YES;
				CLANG_ENABLE_OBJC_ARC = YES;
				CLANG_WARN_BOOL_CONVERSION = YES;
				CLANG_WARN_CONSTANT_CONVERSION = YES;
				CLANG_WARN_DIRECT_OBJC_ISA_USAGE = YES_ERROR;
				CLANG_WARN_EMPTY_BODY = YES;
				CLANG_WARN_ENUM_CONVERSION = YES;
				CLANG_WARN_INT_CONVERSION = YES;
				CLANG_WARN_OBJC_ROOT_CLASS = YES_ERROR;
				CLANG_WARN_UNREACHABLE_CODE = YES;
				CLANG_WARN__DUPLICATE_METHOD_MATCH = YES;
				"CODE_SIGN_IDENTITY[sdk=iphoneos*]" = "iPhone Developer";
				COPY_PHASE_STRIP = NO;
				ENABLE_STRICT_OBJC_MSGSEND = YES;
				GCC_C_LANGUAGE_STANDARD = gnu99;
				GCC_DYNAMIC_NO_PIC = NO;
				GCC_OPTIMIZATION_LEVEL = 0;
				GCC_PREPROCESSOR_DEFINITIONS = (
					"DEBUG=1",
					"$(inherited)",
				);
				GCC_SYMBOLS_PRIVATE_EXTERN = NO;
				GCC_WARN_64_TO_32_BIT_CONVERSION = YES;
				GCC_WARN_ABOUT_RETURN_TYPE = YES_ERROR;
				GCC_WARN_UNDECLARED_SELECTOR = YES;
				GCC_WARN_UNINITIALIZED_AUTOS = YES_AGGRESSIVE;
				GCC_WARN_UNUSED_FUNCTION = YES;
				GCC_WARN_UNUSED_VARIABLE = YES;
				IPHONEOS_DEPLOYMENT_TARGET = 8.1;
				MTL_ENABLE_DEBUG_INFO = YES;
				ONLY_ACTIVE_ARCH = YES;
				SDKROOT = iphoneos;
				SWIFT_OPTIMIZATION_LEVEL = "-Onone";
				TARGETED_DEVICE_FAMILY = "1,2";
			};
			name = Debug;
		};
		C60F8ED71A94A23500AFFEDB /* Release */ = {
			isa = XCBuildConfiguration;
			buildSettings = {
				ALWAYS_SEARCH_USER_PATHS = NO;
				CLANG_CXX_LANGUAGE_STANDARD = "gnu++0x";
				CLANG_CXX_LIBRARY = "libc++";
				CLANG_ENABLE_MODULES = YES;
				CLANG_ENABLE_OBJC_ARC = YES;
				CLANG_WARN_BOOL_CONVERSION = YES;
				CLANG_WARN_CONSTANT_CONVERSION = YES;
				CLANG_WARN_DIRECT_OBJC_ISA_USAGE = YES_ERROR;
				CLANG_WARN_EMPTY_BODY = YES;
				CLANG_WARN_ENUM_CONVERSION = YES;
				CLANG_WARN_INT_CONVERSION = YES;
				CLANG_WARN_OBJC_ROOT_CLASS = YES_ERROR;
				CLANG_WARN_UNREACHABLE_CODE = YES;
				CLANG_WARN__DUPLICATE_METHOD_MATCH = YES;
				"CODE_SIGN_IDENTITY[sdk=iphoneos*]" = "iPhone Developer";
				COPY_PHASE_STRIP = YES;
				ENABLE_NS_ASSERTIONS = NO;
				ENABLE_STRICT_OBJC_MSGSEND = YES;
				GCC_C_LANGUAGE_STANDARD = gnu99;
				GCC_WARN_64_TO_32_BIT_CONVERSION = YES;
				GCC_WARN_ABOUT_RETURN_TYPE = YES_ERROR;
				GCC_WARN_UNDECLARED_SELECTOR = YES;
				GCC_WARN_UNINITIALIZED_AUTOS = YES_AGGRESSIVE;
				GCC_WARN_UNUSED_FUNCTION = YES;
				GCC_WARN_UNUSED_VARIABLE = YES;
				IPHONEOS_DEPLOYMENT_TARGET = 8.1;
				MTL_ENABLE_DEBUG_INFO = NO;
				SDKROOT = iphoneos;
				TARGETED_DEVICE_FAMILY = "1,2";
				VALIDATE_PRODUCT = YES;
			};
			name = Release;
		};
		C60F8ED91A94A23500AFFEDB /* Debug */ = {
			isa = XCBuildConfiguration;
			buildSettings = {
				ASSETCATALOG_COMPILER_APPICON_NAME = AppIcon;
				INFOPLIST_FILE = "13 - Persistence/Info.plist";
				LD_RUNPATH_SEARCH_PATHS = "$(inherited) @executable_path/Frameworks";
				PRODUCT_NAME = "$(TARGET_NAME)";
			};
			name = Debug;
		};
		C60F8EDA1A94A23500AFFEDB /* Release */ = {
			isa = XCBuildConfiguration;
			buildSettings = {
				ASSETCATALOG_COMPILER_APPICON_NAME = AppIcon;
				INFOPLIST_FILE = "13 - Persistence/Info.plist";
				LD_RUNPATH_SEARCH_PATHS = "$(inherited) @executable_path/Frameworks";
				PRODUCT_NAME = "$(TARGET_NAME)";
			};
			name = Release;
		};
		C60F8EDC1A94A23500AFFEDB /* Debug */ = {
			isa = XCBuildConfiguration;
			buildSettings = {
				BUNDLE_LOADER = "$(TEST_HOST)";
				FRAMEWORK_SEARCH_PATHS = (
					"$(SDKROOT)/Developer/Library/Frameworks",
					"$(inherited)",
				);
				GCC_PREPROCESSOR_DEFINITIONS = (
					"DEBUG=1",
					"$(inherited)",
				);
				INFOPLIST_FILE = "13 - PersistenceTests/Info.plist";
				LD_RUNPATH_SEARCH_PATHS = "$(inherited) @executable_path/Frameworks @loader_path/Frameworks";
				PRODUCT_NAME = "$(TARGET_NAME)";
				TEST_HOST = "$(BUILT_PRODUCTS_DIR)/13 - Persistence.app/13 - Persistence";
			};
			name = Debug;
		};
		C60F8EDD1A94A23500AFFEDB /* Release */ = {
			isa = XCBuildConfiguration;
			buildSettings = {
				BUNDLE_LOADER = "$(TEST_HOST)";
				FRAMEWORK_SEARCH_PATHS = (
					"$(SDKROOT)/Developer/Library/Frameworks",
					"$(inherited)",
				);
				INFOPLIST_FILE = "13 - PersistenceTests/Info.plist";
				LD_RUNPATH_SEARCH_PATHS = "$(inherited) @executable_path/Frameworks @loader_path/Frameworks";
				PRODUCT_NAME = "$(TARGET_NAME)";
				TEST_HOST = "$(BUILT_PRODUCTS_DIR)/13 - Persistence.app/13 - Persistence";
			};
			name = Release;
		};
/* End XCBuildConfiguration section */

/* Begin XCConfigurationList section */
		C60F8EB41A94A23400AFFEDB /* Build configuration list for PBXProject "13 - Persistence" */ = {
			isa = XCConfigurationList;
			buildConfigurations = (
				C60F8ED61A94A23500AFFEDB /* Debug */,
				C60F8ED71A94A23500AFFEDB /* Release */,
			);
			defaultConfigurationIsVisible = 0;
			defaultConfigurationName = Release;
		};
		C60F8ED81A94A23500AFFEDB /* Build configuration list for PBXNativeTarget "13 - Persistence" */ = {
			isa = XCConfigurationList;
			buildConfigurations = (
				C60F8ED91A94A23500AFFEDB /* Debug */,
				C60F8EDA1A94A23500AFFEDB /* Release */,
			);
			defaultConfigurationIsVisible = 0;
		};
		C60F8EDB1A94A23500AFFEDB /* Build configuration list for PBXNativeTarget "13 - PersistenceTests" */ = {
			isa = XCConfigurationList;
			buildConfigurations = (
				C60F8EDC1A94A23500AFFEDB /* Debug */,
				C60F8EDD1A94A23500AFFEDB /* Release */,
			);
			defaultConfigurationIsVisible = 0;
		};
/* End XCConfigurationList section */
	};
	rootObject = C60F8EB11A94A23400AFFEDB /* Project object */;
}
